
Microsoft Visual Studio Solution File, Format Version 12.00
# Visual Studio Version 17
VisualStudioVersion = 17.2.32516.85
MinimumVisualStudioVersion = 10.0.40219.1
Project("{FAE04EC0-301F-11D3-BF4B-00C04F79EFBC}") = "MvcCoreChollometro", "MvcCoreChollometro\MvcCoreChollometro.csproj", "{F3018C17-AF5A-4107-915C-8A4F8C228B96}"
EndProject
Global
	GlobalSection(SolutionConfigurationPlatforms) = preSolution
		Debug|Any CPU = Debug|Any CPU
		Release|Any CPU = Release|Any CPU
	EndGlobalSection
	GlobalSection(ProjectConfigurationPlatforms) = postSolution
		{F3018C17-AF5A-4107-915C-8A4F8C228B96}.Debug|Any CPU.ActiveCfg = Debug|Any CPU
		{F3018C17-AF5A-4107-915C-8A4F8C228B96}.Debug|Any CPU.Build.0 = Debug|Any CPU
		{F3018C17-AF5A-4107-915C-8A4F8C228B96}.Release|Any CPU.ActiveCfg = Release|Any CPU
		{F3018C17-AF5A-4107-915C-8A4F8C228B96}.Release|Any CPU.Build.0 = Release|Any CPU
	EndGlobalSection
	GlobalSection(SolutionProperties) = preSolution
		HideSolutionNode = FALSE
	EndGlobalSection
	GlobalSection(ExtensibilityGlobals) = postSolution
		SolutionGuid = {B7194D62-F2EB-4B39-9A24-8C0DBA9D810E}
	EndGlobalSection
EndGlobal
